
Microsoft Visual Studio Solution File, Format Version 12.00
# Visual Studio 15
VisualStudioVersion = 15.0.27004.2006
MinimumVisualStudioVersion = 10.0.40219.1
Project("{FAE04EC0-301F-11D3-BF4B-00C04F79EFBC}") = "Job_Offers_Website", "Job_Offers_Website\Job_Offers_Website.csproj", "{09948863-E20A-4F61-8F9F-5A9437080900}"
EndProject
Global
	GlobalSection(SolutionConfigurationPlatforms) = preSolution
		Debug|Any CPU = Debug|Any CPU
		Release|Any CPU = Release|Any CPU
	EndGlobalSection
	GlobalSection(ProjectConfigurationPlatforms) = postSolution
		{09948863-E20A-4F61-8F9F-5A9437080900}.Debug|Any CPU.ActiveCfg = Debug|Any CPU
		{09948863-E20A-4F61-8F9F-5A9437080900}.Debug|Any CPU.Build.0 = Debug|Any CPU
		{09948863-E20A-4F61-8F9F-5A9437080900}.Release|Any CPU.ActiveCfg = Release|Any CPU
		{09948863-E20A-4F61-8F9F-5A9437080900}.Release|Any CPU.Build.0 = Release|Any CPU
	EndGlobalSection
	GlobalSection(SolutionProperties) = preSolution
		HideSolutionNode = FALSE
	EndGlobalSection
	GlobalSection(ExtensibilityGlobals) = postSolution
		SolutionGuid = {54410EFB-3AB3-4309-A3D1-8D72E041A39E}
	EndGlobalSection
EndGlobal
